
Microsoft Visual Studio Solution File, Format Version 12.00
# Visual Studio Version 17
VisualStudioVersion = 17.4.33213.308
MinimumVisualStudioVersion = 10.0.40219.1
Project("{9A19103F-16F7-4668-BE54-9A1E7A4F7556}") = "MoneyGuru.WebAPI", "MoneyGuru.WebAPI\MoneyGuru.WebAPI.csproj", "{39A4B91B-CC4F-4DB5-ABE3-F09121C6813B}"
EndProject
Project("{2150E333-8FDC-42A3-9474-1A3956D46DE8}") = "Tests", "Tests", "{CD5B7B12-C440-445E-ADA7-47F40996F627}"
EndProject
Project("{FAE04EC0-301F-11D3-BF4B-00C04F79EFBC}") = "MoneyGuru.Tests", "MoneyGuru.Tests\MoneyGuru.Tests.csproj", "{96E72FCB-AA40-4486-B755-2358165490F5}"
EndProject
Global
	GlobalSection(SolutionConfigurationPlatforms) = preSolution
		Debug|Any CPU = Debug|Any CPU
		Release|Any CPU = Release|Any CPU
	EndGlobalSection
	GlobalSection(ProjectConfigurationPlatforms) = postSolution
		{39A4B91B-CC4F-4DB5-ABE3-F09121C6813B}.Debug|Any CPU.ActiveCfg = Debug|Any CPU
		{39A4B91B-CC4F-4DB5-ABE3-F09121C6813B}.Debug|Any CPU.Build.0 = Debug|Any CPU
		{39A4B91B-CC4F-4DB5-ABE3-F09121C6813B}.Release|Any CPU.ActiveCfg = Release|Any CPU
		{39A4B91B-CC4F-4DB5-ABE3-F09121C6813B}.Release|Any CPU.Build.0 = Release|Any CPU
		{96E72FCB-AA40-4486-B755-2358165490F5}.Debug|Any CPU.ActiveCfg = Debug|Any CPU
		{96E72FCB-AA40-4486-B755-2358165490F5}.Debug|Any CPU.Build.0 = Debug|Any CPU
		{96E72FCB-AA40-4486-B755-2358165490F5}.Release|Any CPU.ActiveCfg = Release|Any CPU
		{96E72FCB-AA40-4486-B755-2358165490F5}.Release|Any CPU.Build.0 = Release|Any CPU
	EndGlobalSection
	GlobalSection(SolutionProperties) = preSolution
		HideSolutionNode = FALSE
	EndGlobalSection
	GlobalSection(NestedProjects) = preSolution
		{96E72FCB-AA40-4486-B755-2358165490F5} = {CD5B7B12-C440-445E-ADA7-47F40996F627}
	EndGlobalSection
	GlobalSection(ExtensibilityGlobals) = postSolution
		SolutionGuid = {B2126262-A12F-4356-A538-C8EF84D2AE07}
	EndGlobalSection
EndGlobal
